
Microsoft Visual Studio Solution File, Format Version 12.00
# Visual Studio Version 16
VisualStudioVersion = 16.0.30907.101
MinimumVisualStudioVersion = 10.0.40219.1
Project("{FAE04EC0-301F-11D3-BF4B-00C04F79EFBC}") = "EC2_1701469", "EC2_1701469\EC2_1701469.csproj", "{5618FC08-F3FB-44DB-BE55-FF58D0D2FDA6}"
EndProject
Global
	GlobalSection(SolutionConfigurationPlatforms) = preSolution
		Debug|Any CPU = Debug|Any CPU
		Release|Any CPU = Release|Any CPU
	EndGlobalSection
	GlobalSection(ProjectConfigurationPlatforms) = postSolution
		{5618FC08-F3FB-44DB-BE55-FF58D0D2FDA6}.Debug|Any CPU.ActiveCfg = Debug|Any CPU
		{5618FC08-F3FB-44DB-BE55-FF58D0D2FDA6}.Debug|Any CPU.Build.0 = Debug|Any CPU
		{5618FC08-F3FB-44DB-BE55-FF58D0D2FDA6}.Release|Any CPU.ActiveCfg = Release|Any CPU
		{5618FC08-F3FB-44DB-BE55-FF58D0D2FDA6}.Release|Any CPU.Build.0 = Release|Any CPU
	EndGlobalSection
	GlobalSection(SolutionProperties) = preSolution
		HideSolutionNode = FALSE
	EndGlobalSection
	GlobalSection(ExtensibilityGlobals) = postSolution
		SolutionGuid = {7F8A5D42-02B0-48DC-B05B-1DF1FE224D1A}
	EndGlobalSection
EndGlobal
